
Microsoft Visual Studio Solution File, Format Version 12.00
# Visual Studio Version 17
VisualStudioVersion = 17.0.31903.59
MinimumVisualStudioVersion = 10.0.40219.1
Project("{2150E333-8FDC-42A3-9474-1A3956D46DE8}") = "01 - WebApi", "01 - WebApi", "{6F227AE9-C5F2-85F7-4ABA-CE473CA02DD1}"
EndProject
Project("{FAE04EC0-301F-11D3-BF4B-00C04F79EFBC}") = "Employee.WebApi", "01 - WebApi\Employee.WebApi\Employee.WebApi.csproj", "{338DF414-F37D-41FD-AF2D-963B91B64816}"
EndProject
Project("{2150E333-8FDC-42A3-9474-1A3956D46DE8}") = "02 - Application", "02 - Application", "{E27750F5-2715-DAE3-270B-B972D32FC444}"
EndProject
Project("{FAE04EC0-301F-11D3-BF4B-00C04F79EFBC}") = "Employee.Application", "02 - Application\Employee.Application\Employee.Application.csproj", "{2C5C4D47-B2C6-45D5-81A5-3CC594A32A13}"
EndProject
Project("{2150E333-8FDC-42A3-9474-1A3956D46DE8}") = "03 - Domain", "03 - Domain", "{79A9C71C-E53D-0775-214F-3FDBCD3D0ED9}"
EndProject
Project("{FAE04EC0-301F-11D3-BF4B-00C04F79EFBC}") = "Employee.Domain", "03 - Domain\Employee.Domain\Employee.Domain.csproj", "{B161EADD-4E76-4775-BB9D-7A8EE1C530A3}"
EndProject
Project("{2150E333-8FDC-42A3-9474-1A3956D46DE8}") = "04 - Infra", "04 - Infra", "{51E81797-B15B-4C5C-3B44-A9902581E20F}"
EndProject
Project("{2150E333-8FDC-42A3-9474-1A3956D46DE8}") = "4.1 - Data", "4.1 - Data", "{81DD5EE6-132C-161D-5AF5-F12CD587A735}"
EndProject
Project("{FAE04EC0-301F-11D3-BF4B-00C04F79EFBC}") = "Employee.Data", "04 - Infra\4.1 - Data\Employee.Data\Employee.Data.csproj", "{6132B40A-2E2B-435C-8CFD-45D3E9F824BD}"
EndProject
Project("{2150E333-8FDC-42A3-9474-1A3956D46DE8}") = "4.2 - Common", "4.2 - Common", "{EECE387F-8FD7-45E3-CCA5-E783F28C2A84}"
EndProject
Project("{FAE04EC0-301F-11D3-BF4B-00C04F79EFBC}") = "Employee.Common", "04 - Infra\4.2 - Common\Employee.Common\Employee.Common.csproj", "{41EB9564-80F5-4A78-8512-E768917F7BFF}"
EndProject
Project("{2150E333-8FDC-42A3-9474-1A3956D46DE8}") = "4.3 - CrossCutting.IoC", "4.3 - CrossCutting.IoC", "{748521B6-78EB-D581-3F0E-9CC54D9AF008}"
EndProject
Project("{FAE04EC0-301F-11D3-BF4B-00C04F79EFBC}") = "Employee.CrossCutting.IoC", "04 - Infra\4.3 - CrossCutting.IoC\Employee.CrossCutting.IoC\Employee.CrossCutting.IoC.csproj", "{595265E6-A32A-4BD4-9B82-DA2BABAEC2DB}"
EndProject
Project("{2150E333-8FDC-42A3-9474-1A3956D46DE8}") = "05 - Test", "05 - Test", "{299223A6-CAA7-3A21-CEFA-732F4B014F62}"
EndProject
Project("{FAE04EC0-301F-11D3-BF4B-00C04F79EFBC}") = "Employee.Tests", "05 - Test\Employee.Tests\Employee.Tests.csproj", "{DC8C05C7-09D1-4C0E-B26E-991C13142C62}"
EndProject
Global
	GlobalSection(SolutionConfigurationPlatforms) = preSolution
		Debug|Any CPU = Debug|Any CPU
		Debug|x64 = Debug|x64
		Debug|x86 = Debug|x86
		Release|Any CPU = Release|Any CPU
		Release|x64 = Release|x64
		Release|x86 = Release|x86
	EndGlobalSection
	GlobalSection(ProjectConfigurationPlatforms) = postSolution
		{338DF414-F37D-41FD-AF2D-963B91B64816}.Debug|Any CPU.ActiveCfg = Debug|Any CPU
		{338DF414-F37D-41FD-AF2D-963B91B64816}.Debug|Any CPU.Build.0 = Debug|Any CPU
		{338DF414-F37D-41FD-AF2D-963B91B64816}.Debug|x64.ActiveCfg = Debug|Any CPU
		{338DF414-F37D-41FD-AF2D-963B91B64816}.Debug|x64.Build.0 = Debug|Any CPU
		{338DF414-F37D-41FD-AF2D-963B91B64816}.Debug|x86.ActiveCfg = Debug|Any CPU
		{338DF414-F37D-41FD-AF2D-963B91B64816}.Debug|x86.Build.0 = Debug|Any CPU
		{338DF414-F37D-41FD-AF2D-963B91B64816}.Release|Any CPU.ActiveCfg = Release|Any CPU
		{338DF414-F37D-41FD-AF2D-963B91B64816}.Release|Any CPU.Build.0 = Release|Any CPU
		{338DF414-F37D-41FD-AF2D-963B91B64816}.Release|x64.ActiveCfg = Release|Any CPU
		{338DF414-F37D-41FD-AF2D-963B91B64816}.Release|x64.Build.0 = Release|Any CPU
		{338DF414-F37D-41FD-AF2D-963B91B64816}.Release|x86.ActiveCfg = Release|Any CPU
		{338DF414-F37D-41FD-AF2D-963B91B64816}.Release|x86.Build.0 = Release|Any CPU
		{2C5C4D47-B2C6-45D5-81A5-3CC594A32A13}.Debug|Any CPU.ActiveCfg = Debug|Any CPU
		{2C5C4D47-B2C6-45D5-81A5-3CC594A32A13}.Debug|Any CPU.Build.0 = Debug|Any CPU
		{2C5C4D47-B2C6-45D5-81A5-3CC594A32A13}.Debug|x64.ActiveCfg = Debug|Any CPU
		{2C5C4D47-B2C6-45D5-81A5-3CC594A32A13}.Debug|x64.Build.0 = Debug|Any CPU
		{2C5C4D47-B2C6-45D5-81A5-3CC594A32A13}.Debug|x86.ActiveCfg = Debug|Any CPU
		{2C5C4D47-B2C6-45D5-81A5-3CC594A32A13}.Debug|x86.Build.0 = Debug|Any CPU
		{2C5C4D47-B2C6-45D5-81A5-3CC594A32A13}.Release|Any CPU.ActiveCfg = Release|Any CPU
		{2C5C4D47-B2C6-45D5-81A5-3CC594A32A13}.Release|Any CPU.Build.0 = Release|Any CPU
		{2C5C4D47-B2C6-45D5-81A5-3CC594A32A13}.Release|x64.ActiveCfg = Release|Any CPU
		{2C5C4D47-B2C6-45D5-81A5-3CC594A32A13}.Release|x64.Build.0 = Release|Any CPU
		{2C5C4D47-B2C6-45D5-81A5-3CC594A32A13}.Release|x86.ActiveCfg = Release|Any CPU
		{2C5C4D47-B2C6-45D5-81A5-3CC594A32A13}.Release|x86.Build.0 = Release|Any CPU
		{B161EADD-4E76-4775-BB9D-7A8EE1C530A3}.Debug|Any CPU.ActiveCfg = Debug|Any CPU
		{B161EADD-4E76-4775-BB9D-7A8EE1C530A3}.Debug|Any CPU.Build.0 = Debug|Any CPU
		{B161EADD-4E76-4775-BB9D-7A8EE1C530A3}.Debug|x64.ActiveCfg = Debug|Any CPU
		{B161EADD-4E76-4775-BB9D-7A8EE1C530A3}.Debug|x64.Build.0 = Debug|Any CPU
		{B161EADD-4E76-4775-BB9D-7A8EE1C530A3}.Debug|x86.ActiveCfg = Debug|Any CPU
		{B161EADD-4E76-4775-BB9D-7A8EE1C530A3}.Debug|x86.Build.0 = Debug|Any CPU
		{B161EADD-4E76-4775-BB9D-7A8EE1C530A3}.Release|Any CPU.ActiveCfg = Release|Any CPU
		{B161EADD-4E76-4775-BB9D-7A8EE1C530A3}.Release|Any CPU.Build.0 = Release|Any CPU
		{B161EADD-4E76-4775-BB9D-7A8EE1C530A3}.Release|x64.ActiveCfg = Release|Any CPU
		{B161EADD-4E76-4775-BB9D-7A8EE1C530A3}.Release|x64.Build.0 = Release|Any CPU
		{B161EADD-4E76-4775-BB9D-7A8EE1C530A3}.Release|x86.ActiveCfg = Release|Any CPU
		{B161EADD-4E76-4775-BB9D-7A8EE1C530A3}.Release|x86.Build.0 = Release|Any CPU
		{6132B40A-2E2B-435C-8CFD-45D3E9F824BD}.Debug|Any CPU.ActiveCfg = Debug|Any CPU
		{6132B40A-2E2B-435C-8CFD-45D3E9F824BD}.Debug|Any CPU.Build.0 = Debug|Any CPU
		{6132B40A-2E2B-435C-8CFD-45D3E9F824BD}.Debug|x64.ActiveCfg = Debug|Any CPU
		{6132B40A-2E2B-435C-8CFD-45D3E9F824BD}.Debug|x64.Build.0 = Debug|Any CPU
		{6132B40A-2E2B-435C-8CFD-45D3E9F824BD}.Debug|x86.ActiveCfg = Debug|Any CPU
		{6132B40A-2E2B-435C-8CFD-45D3E9F824BD}.Debug|x86.Build.0 = Debug|Any CPU
		{6132B40A-2E2B-435C-8CFD-45D3E9F824BD}.Release|Any CPU.ActiveCfg = Release|Any CPU
		{6132B40A-2E2B-435C-8CFD-45D3E9F824BD}.Release|Any CPU.Build.0 = Release|Any CPU
		{6132B40A-2E2B-435C-8CFD-45D3E9F824BD}.Release|x64.ActiveCfg = Release|Any CPU
		{6132B40A-2E2B-435C-8CFD-45D3E9F824BD}.Release|x64.Build.0 = Release|Any CPU
		{6132B40A-2E2B-435C-8CFD-45D3E9F824BD}.Release|x86.ActiveCfg = Release|Any CPU
		{6132B40A-2E2B-435C-8CFD-45D3E9F824BD}.Release|x86.Build.0 = Release|Any CPU
		{41EB9564-80F5-4A78-8512-E768917F7BFF}.Debug|Any CPU.ActiveCfg = Debug|Any CPU
		{41EB9564-80F5-4A78-8512-E768917F7BFF}.Debug|Any CPU.Build.0 = Debug|Any CPU
		{41EB9564-80F5-4A78-8512-E768917F7BFF}.Debug|x64.ActiveCfg = Debug|Any CPU
		{41EB9564-80F5-4A78-8512-E768917F7BFF}.Debug|x64.Build.0 = Debug|Any CPU
		{41EB9564-80F5-4A78-8512-E768917F7BFF}.Debug|x86.ActiveCfg = Debug|Any CPU
		{41EB9564-80F5-4A78-8512-E768917F7BFF}.Debug|x86.Build.0 = Debug|Any CPU
		{41EB9564-80F5-4A78-8512-E768917F7BFF}.Release|Any CPU.ActiveCfg = Release|Any CPU
		{41EB9564-80F5-4A78-8512-E768917F7BFF}.Release|Any CPU.Build.0 = Release|Any CPU
		{41EB9564-80F5-4A78-8512-E768917F7BFF}.Release|x64.ActiveCfg = Release|Any CPU
		{41EB9564-80F5-4A78-8512-E768917F7BFF}.Release|x64.Build.0 = Release|Any CPU
		{41EB9564-80F5-4A78-8512-E768917F7BFF}.Release|x86.ActiveCfg = Release|Any CPU
		{41EB9564-80F5-4A78-8512-E768917F7BFF}.Release|x86.Build.0 = Release|Any CPU
		{595265E6-A32A-4BD4-9B82-DA2BABAEC2DB}.Debug|Any CPU.ActiveCfg = Debug|Any CPU
		{595265E6-A32A-4BD4-9B82-DA2BABAEC2DB}.Debug|Any CPU.Build.0 = Debug|Any CPU
		{595265E6-A32A-4BD4-9B82-DA2BABAEC2DB}.Debug|x64.ActiveCfg = Debug|Any CPU
		{595265E6-A32A-4BD4-9B82-DA2BABAEC2DB}.Debug|x64.Build.0 = Debug|Any CPU
		{595265E6-A32A-4BD4-9B82-DA2BABAEC2DB}.Debug|x86.ActiveCfg = Debug|Any CPU
		{595265E6-A32A-4BD4-9B82-DA2BABAEC2DB}.Debug|x86.Build.0 = Debug|Any CPU
		{595265E6-A32A-4BD4-9B82-DA2BABAEC2DB}.Release|Any CPU.ActiveCfg = Release|Any CPU
		{595265E6-A32A-4BD4-9B82-DA2BABAEC2DB}.Release|Any CPU.Build.0 = Release|Any CPU
		{595265E6-A32A-4BD4-9B82-DA2BABAEC2DB}.Release|x64.ActiveCfg = Release|Any CPU
		{595265E6-A32A-4BD4-9B82-DA2BABAEC2DB}.Release|x64.Build.0 = Release|Any CPU
		{595265E6-A32A-4BD4-9B82-DA2BABAEC2DB}.Release|x86.ActiveCfg = Release|Any CPU
		{595265E6-A32A-4BD4-9B82-DA2BABAEC2DB}.Release|x86.Build.0 = Release|Any CPU
		{DC8C05C7-09D1-4C0E-B26E-991C13142C62}.Debug|Any CPU.ActiveCfg = Debug|Any CPU
		{DC8C05C7-09D1-4C0E-B26E-991C13142C62}.Debug|Any CPU.Build.0 = Debug|Any CPU
		{DC8C05C7-09D1-4C0E-B26E-991C13142C62}.Debug|x64.ActiveCfg = Debug|Any CPU
		{DC8C05C7-09D1-4C0E-B26E-991C13142C62}.Debug|x64.Build.0 = Debug|Any CPU
		{DC8C05C7-09D1-4C0E-B26E-991C13142C62}.Debug|x86.ActiveCfg = Debug|Any CPU
		{DC8C05C7-09D1-4C0E-B26E-991C13142C62}.Debug|x86.Build.0 = Debug|Any CPU
		{DC8C05C7-09D1-4C0E-B26E-991C13142C62}.Release|Any CPU.ActiveCfg = Release|Any CPU
		{DC8C05C7-09D1-4C0E-B26E-991C13142C62}.Release|Any CPU.Build.0 = Release|Any CPU
		{DC8C05C7-09D1-4C0E-B26E-991C13142C62}.Release|x64.ActiveCfg = Release|Any CPU
		{DC8C05C7-09D1-4C0E-B26E-991C13142C62}.Release|x64.Build.0 = Release|Any CPU
		{DC8C05C7-09D1-4C0E-B26E-991C13142C62}.Release|x86.ActiveCfg = Release|Any CPU
		{DC8C05C7-09D1-4C0E-B26E-991C13142C62}.Release|x86.Build.0 = Release|Any CPU
	EndGlobalSection
	GlobalSection(SolutionProperties) = preSolution
		HideSolutionNode = FALSE
	EndGlobalSection
	GlobalSection(NestedProjects) = preSolution
		{338DF414-F37D-41FD-AF2D-963B91B64816} = {6F227AE9-C5F2-85F7-4ABA-CE473CA02DD1}
		{2C5C4D47-B2C6-45D5-81A5-3CC594A32A13} = {E27750F5-2715-DAE3-270B-B972D32FC444}
		{B161EADD-4E76-4775-BB9D-7A8EE1C530A3} = {79A9C71C-E53D-0775-214F-3FDBCD3D0ED9}
		{81DD5EE6-132C-161D-5AF5-F12CD587A735} = {51E81797-B15B-4C5C-3B44-A9902581E20F}
		{6132B40A-2E2B-435C-8CFD-45D3E9F824BD} = {81DD5EE6-132C-161D-5AF5-F12CD587A735}
		{EECE387F-8FD7-45E3-CCA5-E783F28C2A84} = {51E81797-B15B-4C5C-3B44-A9902581E20F}
		{41EB9564-80F5-4A78-8512-E768917F7BFF} = {EECE387F-8FD7-45E3-CCA5-E783F28C2A84}
		{748521B6-78EB-D581-3F0E-9CC54D9AF008} = {51E81797-B15B-4C5C-3B44-A9902581E20F}
		{595265E6-A32A-4BD4-9B82-DA2BABAEC2DB} = {748521B6-78EB-D581-3F0E-9CC54D9AF008}
		{DC8C05C7-09D1-4C0E-B26E-991C13142C62} = {299223A6-CAA7-3A21-CEFA-732F4B014F62}
	EndGlobalSection
	GlobalSection(ExtensibilityGlobals) = postSolution
		SolutionGuid = {602A152D-28D4-43C6-B603-709E8FB41034}
	EndGlobalSection
EndGlobal
