
Microsoft Visual Studio Solution File, Format Version 12.00
# Visual Studio Version 17
VisualStudioVersion = 17.0.31903.59
MinimumVisualStudioVersion = 10.0.40219.1
Project("{2150E333-8FDC-42A3-9474-1A3956D46DE8}") = "01 - WebApi", "01 - WebApi", "{6F227AE9-C5F2-85F7-4ABA-CE473CA02DD1}"
EndProject
Project("{FAE04EC0-301F-11D3-BF4B-00C04F79EFBC}") = "Employee.WebApi", "01 - WebApi\Employee.WebApi\Employee.WebApi.csproj", "{ABA68A11-C84A-444A-9A2E-F9B839FAC025}"
EndProject
Project("{2150E333-8FDC-42A3-9474-1A3956D46DE8}") = "02 - Application", "02 - Application", "{E27750F5-2715-DAE3-270B-B972D32FC444}"
EndProject
Project("{FAE04EC0-301F-11D3-BF4B-00C04F79EFBC}") = "Employee.Application", "02 - Application\Employee.Application\Employee.Application.csproj", "{BB22BE32-9649-4F41-B2F3-8926B4076BE7}"
EndProject
Project("{2150E333-8FDC-42A3-9474-1A3956D46DE8}") = "03 - Domain", "03 - Domain", "{79A9C71C-E53D-0775-214F-3FDBCD3D0ED9}"
EndProject
Project("{FAE04EC0-301F-11D3-BF4B-00C04F79EFBC}") = "Employee.Domain", "03 - Domain\Employee.Domain\Employee.Domain.csproj", "{054A2AF8-5FC1-4BEF-9232-3AC98CC80AE8}"
EndProject
Project("{2150E333-8FDC-42A3-9474-1A3956D46DE8}") = "04 - Infra", "04 - Infra", "{51E81797-B15B-4C5C-3B44-A9902581E20F}"
EndProject
Project("{FAE04EC0-301F-11D3-BF4B-00C04F79EFBC}") = "Employee.Infra", "04 - Infra\Employee.Infra\Employee.Infra.csproj", "{83CEFD27-1E42-4966-ABB6-D08A776541E4}"
EndProject
Project("{2150E333-8FDC-42A3-9474-1A3956D46DE8}") = "05 - Test", "05 - Test", "{299223A6-CAA7-3A21-CEFA-732F4B014F62}"
EndProject
Project("{FAE04EC0-301F-11D3-BF4B-00C04F79EFBC}") = "Employee.Tests", "05 - Test\Employee.Tests\Employee.Tests.csproj", "{9C393A9A-4B5A-4B82-8266-D99333469A3B}"
EndProject
Global
	GlobalSection(SolutionConfigurationPlatforms) = preSolution
		Debug|Any CPU = Debug|Any CPU
		Debug|x64 = Debug|x64
		Debug|x86 = Debug|x86
		Release|Any CPU = Release|Any CPU
		Release|x64 = Release|x64
		Release|x86 = Release|x86
	EndGlobalSection
	GlobalSection(ProjectConfigurationPlatforms) = postSolution
		{ABA68A11-C84A-444A-9A2E-F9B839FAC025}.Debug|Any CPU.ActiveCfg = Debug|Any CPU
		{ABA68A11-C84A-444A-9A2E-F9B839FAC025}.Debug|Any CPU.Build.0 = Debug|Any CPU
		{ABA68A11-C84A-444A-9A2E-F9B839FAC025}.Debug|x64.ActiveCfg = Debug|Any CPU
		{ABA68A11-C84A-444A-9A2E-F9B839FAC025}.Debug|x64.Build.0 = Debug|Any CPU
		{ABA68A11-C84A-444A-9A2E-F9B839FAC025}.Debug|x86.ActiveCfg = Debug|Any CPU
		{ABA68A11-C84A-444A-9A2E-F9B839FAC025}.Debug|x86.Build.0 = Debug|Any CPU
		{ABA68A11-C84A-444A-9A2E-F9B839FAC025}.Release|Any CPU.ActiveCfg = Release|Any CPU
		{ABA68A11-C84A-444A-9A2E-F9B839FAC025}.Release|Any CPU.Build.0 = Release|Any CPU
		{ABA68A11-C84A-444A-9A2E-F9B839FAC025}.Release|x64.ActiveCfg = Release|Any CPU
		{ABA68A11-C84A-444A-9A2E-F9B839FAC025}.Release|x64.Build.0 = Release|Any CPU
		{ABA68A11-C84A-444A-9A2E-F9B839FAC025}.Release|x86.ActiveCfg = Release|Any CPU
		{ABA68A11-C84A-444A-9A2E-F9B839FAC025}.Release|x86.Build.0 = Release|Any CPU
		{BB22BE32-9649-4F41-B2F3-8926B4076BE7}.Debug|Any CPU.ActiveCfg = Debug|Any CPU
		{BB22BE32-9649-4F41-B2F3-8926B4076BE7}.Debug|Any CPU.Build.0 = Debug|Any CPU
		{BB22BE32-9649-4F41-B2F3-8926B4076BE7}.Debug|x64.ActiveCfg = Debug|Any CPU
		{BB22BE32-9649-4F41-B2F3-8926B4076BE7}.Debug|x64.Build.0 = Debug|Any CPU
		{BB22BE32-9649-4F41-B2F3-8926B4076BE7}.Debug|x86.ActiveCfg = Debug|Any CPU
		{BB22BE32-9649-4F41-B2F3-8926B4076BE7}.Debug|x86.Build.0 = Debug|Any CPU
		{BB22BE32-9649-4F41-B2F3-8926B4076BE7}.Release|Any CPU.ActiveCfg = Release|Any CPU
		{BB22BE32-9649-4F41-B2F3-8926B4076BE7}.Release|Any CPU.Build.0 = Release|Any CPU
		{BB22BE32-9649-4F41-B2F3-8926B4076BE7}.Release|x64.ActiveCfg = Release|Any CPU
		{BB22BE32-9649-4F41-B2F3-8926B4076BE7}.Release|x64.Build.0 = Release|Any CPU
		{BB22BE32-9649-4F41-B2F3-8926B4076BE7}.Release|x86.ActiveCfg = Release|Any CPU
		{BB22BE32-9649-4F41-B2F3-8926B4076BE7}.Release|x86.Build.0 = Release|Any CPU
		{054A2AF8-5FC1-4BEF-9232-3AC98CC80AE8}.Debug|Any CPU.ActiveCfg = Debug|Any CPU
		{054A2AF8-5FC1-4BEF-9232-3AC98CC80AE8}.Debug|Any CPU.Build.0 = Debug|Any CPU
		{054A2AF8-5FC1-4BEF-9232-3AC98CC80AE8}.Debug|x64.ActiveCfg = Debug|Any CPU
		{054A2AF8-5FC1-4BEF-9232-3AC98CC80AE8}.Debug|x64.Build.0 = Debug|Any CPU
		{054A2AF8-5FC1-4BEF-9232-3AC98CC80AE8}.Debug|x86.ActiveCfg = Debug|Any CPU
		{054A2AF8-5FC1-4BEF-9232-3AC98CC80AE8}.Debug|x86.Build.0 = Debug|Any CPU
		{054A2AF8-5FC1-4BEF-9232-3AC98CC80AE8}.Release|Any CPU.ActiveCfg = Release|Any CPU
		{054A2AF8-5FC1-4BEF-9232-3AC98CC80AE8}.Release|Any CPU.Build.0 = Release|Any CPU
		{054A2AF8-5FC1-4BEF-9232-3AC98CC80AE8}.Release|x64.ActiveCfg = Release|Any CPU
		{054A2AF8-5FC1-4BEF-9232-3AC98CC80AE8}.Release|x64.Build.0 = Release|Any CPU
		{054A2AF8-5FC1-4BEF-9232-3AC98CC80AE8}.Release|x86.ActiveCfg = Release|Any CPU
		{054A2AF8-5FC1-4BEF-9232-3AC98CC80AE8}.Release|x86.Build.0 = Release|Any CPU
		{83CEFD27-1E42-4966-ABB6-D08A776541E4}.Debug|Any CPU.ActiveCfg = Debug|Any CPU
		{83CEFD27-1E42-4966-ABB6-D08A776541E4}.Debug|Any CPU.Build.0 = Debug|Any CPU
		{83CEFD27-1E42-4966-ABB6-D08A776541E4}.Debug|x64.ActiveCfg = Debug|Any CPU
		{83CEFD27-1E42-4966-ABB6-D08A776541E4}.Debug|x64.Build.0 = Debug|Any CPU
		{83CEFD27-1E42-4966-ABB6-D08A776541E4}.Debug|x86.ActiveCfg = Debug|Any CPU
		{83CEFD27-1E42-4966-ABB6-D08A776541E4}.Debug|x86.Build.0 = Debug|Any CPU
		{83CEFD27-1E42-4966-ABB6-D08A776541E4}.Release|Any CPU.ActiveCfg = Release|Any CPU
		{83CEFD27-1E42-4966-ABB6-D08A776541E4}.Release|Any CPU.Build.0 = Release|Any CPU
		{83CEFD27-1E42-4966-ABB6-D08A776541E4}.Release|x64.ActiveCfg = Release|Any CPU
		{83CEFD27-1E42-4966-ABB6-D08A776541E4}.Release|x64.Build.0 = Release|Any CPU
		{83CEFD27-1E42-4966-ABB6-D08A776541E4}.Release|x86.ActiveCfg = Release|Any CPU
		{83CEFD27-1E42-4966-ABB6-D08A776541E4}.Release|x86.Build.0 = Release|Any CPU
		{9C393A9A-4B5A-4B82-8266-D99333469A3B}.Debug|Any CPU.ActiveCfg = Debug|Any CPU
		{9C393A9A-4B5A-4B82-8266-D99333469A3B}.Debug|Any CPU.Build.0 = Debug|Any CPU
		{9C393A9A-4B5A-4B82-8266-D99333469A3B}.Debug|x64.ActiveCfg = Debug|Any CPU
		{9C393A9A-4B5A-4B82-8266-D99333469A3B}.Debug|x64.Build.0 = Debug|Any CPU
		{9C393A9A-4B5A-4B82-8266-D99333469A3B}.Debug|x86.ActiveCfg = Debug|Any CPU
		{9C393A9A-4B5A-4B82-8266-D99333469A3B}.Debug|x86.Build.0 = Debug|Any CPU
		{9C393A9A-4B5A-4B82-8266-D99333469A3B}.Release|Any CPU.ActiveCfg = Release|Any CPU
		{9C393A9A-4B5A-4B82-8266-D99333469A3B}.Release|Any CPU.Build.0 = Release|Any CPU
		{9C393A9A-4B5A-4B82-8266-D99333469A3B}.Release|x64.ActiveCfg = Release|Any CPU
		{9C393A9A-4B5A-4B82-8266-D99333469A3B}.Release|x64.Build.0 = Release|Any CPU
		{9C393A9A-4B5A-4B82-8266-D99333469A3B}.Release|x86.ActiveCfg = Release|Any CPU
		{9C393A9A-4B5A-4B82-8266-D99333469A3B}.Release|x86.Build.0 = Release|Any CPU
	EndGlobalSection
	GlobalSection(SolutionProperties) = preSolution
		HideSolutionNode = FALSE
	EndGlobalSection
	GlobalSection(NestedProjects) = preSolution
		{ABA68A11-C84A-444A-9A2E-F9B839FAC025} = {6F227AE9-C5F2-85F7-4ABA-CE473CA02DD1}
		{BB22BE32-9649-4F41-B2F3-8926B4076BE7} = {E27750F5-2715-DAE3-270B-B972D32FC444}
		{054A2AF8-5FC1-4BEF-9232-3AC98CC80AE8} = {79A9C71C-E53D-0775-214F-3FDBCD3D0ED9}
		{83CEFD27-1E42-4966-ABB6-D08A776541E4} = {51E81797-B15B-4C5C-3B44-A9902581E20F}
		{9C393A9A-4B5A-4B82-8266-D99333469A3B} = {299223A6-CAA7-3A21-CEFA-732F4B014F62}
	EndGlobalSection
EndGlobal
